// !$*UTF8*$!
{
	archiveVersion = 1;
	classes = {
	};
	objectVersion = 46;
	objects = {

/* Begin PBXBuildFile section */
		3D14EE541B88DB0300EC1137 /* FBSDKCoreKit.framework in Frameworks */ = {isa = PBXBuildFile; fileRef = 3D14EE511B88DB0300EC1137 /* FBSDKCoreKit.framework */; };
		3D14EE551B88DB0300EC1137 /* FBSDKLoginKit.framework in Frameworks */ = {isa = PBXBuildFile; fileRef = 3D14EE521B88DB0300EC1137 /* FBSDKLoginKit.framework */; };
		3D14EE561B88DB0300EC1137 /* FBSDKShareKit.framework in Frameworks */ = {isa = PBXBuildFile; fileRef = 3D14EE531B88DB0300EC1137 /* FBSDKShareKit.framework */; };
		3D14EE5A1B88DB6500EC1137 /* FBSDKCoreKit.framework in Frameworks */ = {isa = PBXBuildFile; fileRef = 3D14EE571B88DB6500EC1137 /* FBSDKCoreKit.framework */; };
		3D14EE5B1B88DB6500EC1137 /* FBSDKLoginKit.framework in Frameworks */ = {isa = PBXBuildFile; fileRef = 3D14EE581B88DB6500EC1137 /* FBSDKLoginKit.framework */; };
		3D14EE5C1B88DB6500EC1137 /* FBSDKShareKit.framework in Frameworks */ = {isa = PBXBuildFile; fileRef = 3D14EE591B88DB6500EC1137 /* FBSDKShareKit.framework */; };
		3D14EE5E1B88DF0300EC1137 /* PermissionsResponse.swift in Sources */ = {isa = PBXBuildFile; fileRef = 3D14EE5D1B88DF0300EC1137 /* PermissionsResponse.swift */; };
		3D14EE641B88EA7A00EC1137 /* GlobalContants.swift in Sources */ = {isa = PBXBuildFile; fileRef = 3D14EE631B88EA7A00EC1137 /* GlobalContants.swift */; };
		3D14EE671B8902BA00EC1137 /* UserDAODefault.swift in Sources */ = {isa = PBXBuildFile; fileRef = 3D14EE661B8902BA00EC1137 /* UserDAODefault.swift */; };
		3D14EE691B89065400EC1137 /* ProfileViewController.swift in Sources */ = {isa = PBXBuildFile; fileRef = 3D14EE681B89065400EC1137 /* ProfileViewController.swift */; };
		3D14EE6B1B8906B000EC1137 /* Trabalhador.swift in Sources */ = {isa = PBXBuildFile; fileRef = 3D14EE6A1B8906B000EC1137 /* Trabalhador.swift */; };
		3D14EE6E1B89138500EC1137 /* MapViewController.swift in Sources */ = {isa = PBXBuildFile; fileRef = 3D14EE6D1B89138500EC1137 /* MapViewController.swift */; };
		3D14EE7A1B89301F00EC1137 /* Registro2ViewController.swift in Sources */ = {isa = PBXBuildFile; fileRef = 3D14EE791B89301F00EC1137 /* Registro2ViewController.swift */; };
		3D14EE7C1B89313700EC1137 /* ChatViewController.swift in Sources */ = {isa = PBXBuildFile; fileRef = 3D14EE7B1B89313700EC1137 /* ChatViewController.swift */; };
		3D14EEB31B893E2C00EC1137 /* activityIndicator.swift in Sources */ = {isa = PBXBuildFile; fileRef = 3D14EEB21B893E2C00EC1137 /* activityIndicator.swift */; };
		3D3BC1EC1B88D99D0010D23C /* RegisterViewController.swift in Sources */ = {isa = PBXBuildFile; fileRef = 3D3BC1EB1B88D99D0010D23C /* RegisterViewController.swift */; };
		3DEBB18B1B88A7D3003BB09F /* AppDelegate.swift in Sources */ = {isa = PBXBuildFile; fileRef = 3DEBB18A1B88A7D3003BB09F /* AppDelegate.swift */; };
		3DEBB18D1B88A7D3003BB09F /* LoginViewController.swift in Sources */ = {isa = PBXBuildFile; fileRef = 3DEBB18C1B88A7D3003BB09F /* LoginViewController.swift */; };
		3DEBB1901B88A7D3003BB09F /* Main.storyboard in Resources */ = {isa = PBXBuildFile; fileRef = 3DEBB18E1B88A7D3003BB09F /* Main.storyboard */; };
		3DEBB1921B88A7D3003BB09F /* Images.xcassets in Resources */ = {isa = PBXBuildFile; fileRef = 3DEBB1911B88A7D3003BB09F /* Images.xcassets */; };
		3DEBB1951B88A7D3003BB09F /* LaunchScreen.xib in Resources */ = {isa = PBXBuildFile; fileRef = 3DEBB1931B88A7D3003BB09F /* LaunchScreen.xib */; };
		3DEBB1A11B88A7D3003BB09F /* HachathonFiespTests.swift in Sources */ = {isa = PBXBuildFile; fileRef = 3DEBB1A01B88A7D3003BB09F /* HachathonFiespTests.swift */; };
		3DEBB1AF1B88C0D5003BB09F /* Fabric.framework in Frameworks */ = {isa = PBXBuildFile; fileRef = 3DEBB1AB1B88C0D5003BB09F /* Fabric.framework */; };
		3DEBB1B01B88C0D5003BB09F /* TwitterKit.framework in Frameworks */ = {isa = PBXBuildFile; fileRef = 3DEBB1AC1B88C0D5003BB09F /* TwitterKit.framework */; };
		3DEBB1B11B88C0D5003BB09F /* TwitterKitResources.bundle in Resources */ = {isa = PBXBuildFile; fileRef = 3DEBB1AD1B88C0D5003BB09F /* TwitterKitResources.bundle */; };
		3DEBB1B21B88C0D5003BB09F /* TwitterCore.framework in Frameworks */ = {isa = PBXBuildFile; fileRef = 3DEBB1AE1B88C0D5003BB09F /* TwitterCore.framework */; };
		3DEBB1B51B88C1AA003BB09F /* DigitsKit.framework in Frameworks */ = {isa = PBXBuildFile; fileRef = 3DEBB1B31B88C1AA003BB09F /* DigitsKit.framework */; };
		3DEBB1B61B88C1AA003BB09F /* DigitsKitResources.bundle in Resources */ = {isa = PBXBuildFile; fileRef = 3DEBB1B41B88C1AA003BB09F /* DigitsKitResources.bundle */; };
		3DEBB1B81B88C28A003BB09F /* User.swift in Sources */ = {isa = PBXBuildFile; fileRef = 3DEBB1B71B88C28A003BB09F /* User.swift */; };
		3DEBB1BE1B88C463003BB09F /* TransitionManager.swift in Sources */ = {isa = PBXBuildFile; fileRef = 3DEBB1BD1B88C463003BB09F /* TransitionManager.swift */; };
		3DEBB1C01B88C51C003BB09F /* HomeViewController.swift in Sources */ = {isa = PBXBuildFile; fileRef = 3DEBB1BF1B88C51C003BB09F /* HomeViewController.swift */; };
		3DEBB1C21B88C7BC003BB09F /* AlertJss.swift in Sources */ = {isa = PBXBuildFile; fileRef = 3DEBB1C11B88C7BC003BB09F /* AlertJss.swift */; };
		CD7923010E42A2E38560A0C4 /* libPods.a in Frameworks */ = {isa = PBXBuildFile; fileRef = A6C4A7EE6F2F4169EA68C8F7 /* libPods.a */; };
/* End PBXBuildFile section */

/* Begin PBXContainerItemProxy section */
		3DEBB19B1B88A7D3003BB09F /* PBXContainerItemProxy */ = {
			isa = PBXContainerItemProxy;
			containerPortal = 3DEBB17D1B88A7D3003BB09F /* Project object */;
			proxyType = 1;
			remoteGlobalIDString = 3DEBB1841B88A7D3003BB09F;
			remoteInfo = HachathonFiesp;
		};
/* End PBXContainerItemProxy section */

/* Begin PBXFileReference section */
		1064EE9298B138CE238D7110 /* Pods.debug.xcconfig */ = {isa = PBXFileReference; includeInIndex = 1; lastKnownFileType = text.xcconfig; name = Pods.debug.xcconfig; path = "Pods/Target Support Files/Pods/Pods.debug.xcconfig"; sourceTree = "<group>"; };
		3D14EE511B88DB0300EC1137 /* FBSDKCoreKit.framework */ = {isa = PBXFileReference; lastKnownFileType = wrapper.framework; path = FBSDKCoreKit.framework; sourceTree = "<group>"; };
		3D14EE521B88DB0300EC1137 /* FBSDKLoginKit.framework */ = {isa = PBXFileReference; lastKnownFileType = wrapper.framework; path = FBSDKLoginKit.framework; sourceTree = "<group>"; };
		3D14EE531B88DB0300EC1137 /* FBSDKShareKit.framework */ = {isa = PBXFileReference; lastKnownFileType = wrapper.framework; path = FBSDKShareKit.framework; sourceTree = "<group>"; };
		3D14EE571B88DB6500EC1137 /* FBSDKCoreKit.framework */ = {isa = PBXFileReference; lastKnownFileType = wrapper.framework; path = FBSDKCoreKit.framework; sourceTree = "<group>"; };
		3D14EE581B88DB6500EC1137 /* FBSDKLoginKit.framework */ = {isa = PBXFileReference; lastKnownFileType = wrapper.framework; path = FBSDKLoginKit.framework; sourceTree = "<group>"; };
		3D14EE591B88DB6500EC1137 /* FBSDKShareKit.framework */ = {isa = PBXFileReference; lastKnownFileType = wrapper.framework; path = FBSDKShareKit.framework; sourceTree = "<group>"; };
		3D14EE5D1B88DF0300EC1137 /* PermissionsResponse.swift */ = {isa = PBXFileReference; fileEncoding = 4; lastKnownFileType = sourcecode.swift; path = PermissionsResponse.swift; sourceTree = "<group>"; };
		3D14EE631B88EA7A00EC1137 /* GlobalContants.swift */ = {isa = PBXFileReference; fileEncoding = 4; lastKnownFileType = sourcecode.swift; path = GlobalContants.swift; sourceTree = "<group>"; };
		3D14EE661B8902BA00EC1137 /* UserDAODefault.swift */ = {isa = PBXFileReference; fileEncoding = 4; lastKnownFileType = sourcecode.swift; path = UserDAODefault.swift; sourceTree = "<group>"; };
		3D14EE681B89065400EC1137 /* ProfileViewController.swift */ = {isa = PBXFileReference; fileEncoding = 4; lastKnownFileType = sourcecode.swift; path = ProfileViewController.swift; sourceTree = "<group>"; };
		3D14EE6A1B8906B000EC1137 /* Trabalhador.swift */ = {isa = PBXFileReference; fileEncoding = 4; lastKnownFileType = sourcecode.swift; path = Trabalhador.swift; sourceTree = "<group>"; };
		3D14EE6D1B89138500EC1137 /* MapViewController.swift */ = {isa = PBXFileReference; fileEncoding = 4; lastKnownFileType = sourcecode.swift; path = MapViewController.swift; sourceTree = "<group>"; };
		3D14EE791B89301F00EC1137 /* Registro2ViewController.swift */ = {isa = PBXFileReference; fileEncoding = 4; lastKnownFileType = sourcecode.swift; path = Registro2ViewController.swift; sourceTree = "<group>"; };
		3D14EE7B1B89313700EC1137 /* ChatViewController.swift */ = {isa = PBXFileReference; fileEncoding = 4; lastKnownFileType = sourcecode.swift; path = ChatViewController.swift; sourceTree = "<group>"; };
		3D14EE7F1B893A8C00EC1137 /* Pods-Bridging-Header.h */ = {isa = PBXFileReference; fileEncoding = 4; lastKnownFileType = sourcecode.c.h; name = "Pods-Bridging-Header.h"; path = "Pods/Pods-Bridging-Header.h"; sourceTree = "<group>"; };
		3D14EE811B893C1A00EC1137 /* JSQLocationMediaItem.h */ = {isa = PBXFileReference; fileEncoding = 4; lastKnownFileType = sourcecode.c.h; path = JSQLocationMediaItem.h; sourceTree = "<group>"; };
		3D14EE821B893C1A00EC1137 /* JSQMediaItem.h */ = {isa = PBXFileReference; fileEncoding = 4; lastKnownFileType = sourcecode.c.h; path = JSQMediaItem.h; sourceTree = "<group>"; };
		3D14EE831B893C1A00EC1137 /* JSQMessage.h */ = {isa = PBXFileReference; fileEncoding = 4; lastKnownFileType = sourcecode.c.h; path = JSQMessage.h; sourceTree = "<group>"; };
		3D14EE841B893C1A00EC1137 /* JSQMessageAvatarImageDataSource.h */ = {isa = PBXFileReference; fileEncoding = 4; lastKnownFileType = sourcecode.c.h; path = JSQMessageAvatarImageDataSource.h; sourceTree = "<group>"; };
		3D14EE851B893C1A00EC1137 /* JSQMessageBubbleImageDataSource.h */ = {isa = PBXFileReference; fileEncoding = 4; lastKnownFileType = sourcecode.c.h; path = JSQMessageBubbleImageDataSource.h; sourceTree = "<group>"; };
		3D14EE861B893C1A00EC1137 /* JSQMessageData.h */ = {isa = PBXFileReference; fileEncoding = 4; lastKnownFileType = sourcecode.c.h; path = JSQMessageData.h; sourceTree = "<group>"; };
		3D14EE871B893C1A00EC1137 /* JSQMessageMediaData.h */ = {isa = PBXFileReference; fileEncoding = 4; lastKnownFileType = sourcecode.c.h; path = JSQMessageMediaData.h; sourceTree = "<group>"; };
		3D14EE881B893C1A00EC1137 /* JSQMessages.h */ = {isa = PBXFileReference; fileEncoding = 4; lastKnownFileType = sourcecode.c.h; path = JSQMessages.h; sourceTree = "<group>"; };
		3D14EE891B893C1A00EC1137 /* JSQMessagesAvatarImage.h */ = {isa = PBXFileReference; fileEncoding = 4; lastKnownFileType = sourcecode.c.h; path = JSQMessagesAvatarImage.h; sourceTree = "<group>"; };
		3D14EE8A1B893C1A00EC1137 /* JSQMessagesAvatarImageFactory.h */ = {isa = PBXFileReference; fileEncoding = 4; lastKnownFileType = sourcecode.c.h; path = JSQMessagesAvatarImageFactory.h; sourceTree = "<group>"; };
		3D14EE8B1B893C1A00EC1137 /* JSQMessagesBubbleImage.h */ = {isa = PBXFileReference; fileEncoding = 4; lastKnownFileType = sourcecode.c.h; path = JSQMessagesBubbleImage.h; sourceTree = "<group>"; };
		3D14EE8C1B893C1A00EC1137 /* JSQMessagesBubbleImageFactory.h */ = {isa = PBXFileReference; fileEncoding = 4; lastKnownFileType = sourcecode.c.h; path = JSQMessagesBubbleImageFactory.h; sourceTree = "<group>"; };
		3D14EE8D1B893C1A00EC1137 /* JSQMessagesCellTextView.h */ = {isa = PBXFileReference; fileEncoding = 4; lastKnownFileType = sourcecode.c.h; path = JSQMessagesCellTextView.h; sourceTree = "<group>"; };
		3D14EE8E1B893C1A00EC1137 /* JSQMessagesCollectionView.h */ = {isa = PBXFileReference; fileEncoding = 4; lastKnownFileType = sourcecode.c.h; path = JSQMessagesCollectionView.h; sourceTree = "<group>"; };
		3D14EE8F1B893C1A00EC1137 /* JSQMessagesCollectionViewCell.h */ = {isa = PBXFileReference; fileEncoding = 4; lastKnownFileType = sourcecode.c.h; path = JSQMessagesCollectionViewCell.h; sourceTree = "<group>"; };
		3D14EE901B893C1A00EC1137 /* JSQMessagesCollectionViewCellIncoming.h */ = {isa = PBXFileReference; fileEncoding = 4; lastKnownFileType = sourcecode.c.h; path = JSQMessagesCollectionViewCellIncoming.h; sourceTree = "<group>"; };
		3D14EE911B893C1A00EC1137 /* JSQMessagesCollectionViewCellOutgoing.h */ = {isa = PBXFileReference; fileEncoding = 4; lastKnownFileType = sourcecode.c.h; path = JSQMessagesCollectionViewCellOutgoing.h; sourceTree = "<group>"; };
		3D14EE921B893C1A00EC1137 /* JSQMessagesCollectionViewDataSource.h */ = {isa = PBXFileReference; fileEncoding = 4; lastKnownFileType = sourcecode.c.h; path = JSQMessagesCollectionViewDataSource.h; sourceTree = "<group>"; };
		3D14EE931B893C1A00EC1137 /* JSQMessagesCollectionViewDelegateFlowLayout.h */ = {isa = PBXFileReference; fileEncoding = 4; lastKnownFileType = sourcecode.c.h; path = JSQMessagesCollectionViewDelegateFlowLayout.h; sourceTree = "<group>"; };
		3D14EE941B893C1A00EC1137 /* JSQMessagesCollectionViewFlowLayout.h */ = {isa = PBXFileReference; fileEncoding = 4; lastKnownFileType = sourcecode.c.h; path = JSQMessagesCollectionViewFlowLayout.h; sourceTree = "<group>"; };
		3D14EE951B893C1A00EC1137 /* JSQMessagesCollectionViewFlowLayoutInvalidationContext.h */ = {isa = PBXFileReference; fileEncoding = 4; lastKnownFileType = sourcecode.c.h; path = JSQMessagesCollectionViewFlowLayoutInvalidationContext.h; sourceTree = "<group>"; };
		3D14EE961B893C1A00EC1137 /* JSQMessagesCollectionViewLayoutAttributes.h */ = {isa = PBXFileReference; fileEncoding = 4; lastKnownFileType = sourcecode.c.h; path = JSQMessagesCollectionViewLayoutAttributes.h; sourceTree = "<group>"; };
		3D14EE971B893C1A00EC1137 /* JSQMessagesComposerTextView.h */ = {isa = PBXFileReference; fileEncoding = 4; lastKnownFileType = sourcecode.c.h; path = JSQMessagesComposerTextView.h; sourceTree = "<group>"; };
		3D14EE981B893C1A00EC1137 /* JSQMessagesInputToolbar.h */ = {isa = PBXFileReference; fileEncoding = 4; lastKnownFileType = sourcecode.c.h; path = JSQMessagesInputToolbar.h; sourceTree = "<group>"; };
		3D14EE991B893C1A00EC1137 /* JSQMessagesKeyboardController.h */ = {isa = PBXFileReference; fileEncoding = 4; lastKnownFileType = sourcecode.c.h; path = JSQMessagesKeyboardController.h; sourceTree = "<group>"; };
		3D14EE9A1B893C1A00EC1137 /* JSQMessagesLabel.h */ = {isa = PBXFileReference; fileEncoding = 4; lastKnownFileType = sourcecode.c.h; path = JSQMessagesLabel.h; sourceTree = "<group>"; };
		3D14EE9B1B893C1A00EC1137 /* JSQMessagesLoadEarlierHeaderView.h */ = {isa = PBXFileReference; fileEncoding = 4; lastKnownFileType = sourcecode.c.h; path = JSQMessagesLoadEarlierHeaderView.h; sourceTree = "<group>"; };
		3D14EE9C1B893C1A00EC1137 /* JSQMessagesMediaPlaceholderView.h */ = {isa = PBXFileReference; fileEncoding = 4; lastKnownFileType = sourcecode.c.h; path = JSQMessagesMediaPlaceholderView.h; sourceTree = "<group>"; };
		3D14EE9D1B893C1A00EC1137 /* JSQMessagesMediaViewBubbleImageMasker.h */ = {isa = PBXFileReference; fileEncoding = 4; lastKnownFileType = sourcecode.c.h; path = JSQMessagesMediaViewBubbleImageMasker.h; sourceTree = "<group>"; };
		3D14EE9E1B893C1A00EC1137 /* JSQMessagesTimestampFormatter.h */ = {isa = PBXFileReference; fileEncoding = 4; lastKnownFileType = sourcecode.c.h; path = JSQMessagesTimestampFormatter.h; sourceTree = "<group>"; };
		3D14EE9F1B893C1A00EC1137 /* JSQMessagesToolbarButtonFactory.h */ = {isa = PBXFileReference; fileEncoding = 4; lastKnownFileType = sourcecode.c.h; path = JSQMessagesToolbarButtonFactory.h; sourceTree = "<group>"; };
		3D14EEA01B893C1A00EC1137 /* JSQMessagesToolbarContentView.h */ = {isa = PBXFileReference; fileEncoding = 4; lastKnownFileType = sourcecode.c.h; path = JSQMessagesToolbarContentView.h; sourceTree = "<group>"; };
		3D14EEA11B893C1A00EC1137 /* JSQMessagesTypingIndicatorFooterView.h */ = {isa = PBXFileReference; fileEncoding = 4; lastKnownFileType = sourcecode.c.h; path = JSQMessagesTypingIndicatorFooterView.h; sourceTree = "<group>"; };
		3D14EEA21B893C1A00EC1137 /* JSQMessagesViewController.h */ = {isa = PBXFileReference; fileEncoding = 4; lastKnownFileType = sourcecode.c.h; path = JSQMessagesViewController.h; sourceTree = "<group>"; };
		3D14EEA31B893C1A00EC1137 /* JSQPhotoMediaItem.h */ = {isa = PBXFileReference; fileEncoding = 4; lastKnownFileType = sourcecode.c.h; path = JSQPhotoMediaItem.h; sourceTree = "<group>"; };
		3D14EEA41B893C1A00EC1137 /* JSQSystemSoundPlayer+JSQMessages.h */ = {isa = PBXFileReference; fileEncoding = 4; lastKnownFileType = sourcecode.c.h; path = "JSQSystemSoundPlayer+JSQMessages.h"; sourceTree = "<group>"; };
		3D14EEA51B893C1A00EC1137 /* JSQVideoMediaItem.h */ = {isa = PBXFileReference; fileEncoding = 4; lastKnownFileType = sourcecode.c.h; path = JSQVideoMediaItem.h; sourceTree = "<group>"; };
		3D14EEA61B893C1A00EC1137 /* NSBundle+JSQMessages.h */ = {isa = PBXFileReference; fileEncoding = 4; lastKnownFileType = sourcecode.c.h; path = "NSBundle+JSQMessages.h"; sourceTree = "<group>"; };
		3D14EEA71B893C1A00EC1137 /* NSString+JSQMessages.h */ = {isa = PBXFileReference; fileEncoding = 4; lastKnownFileType = sourcecode.c.h; path = "NSString+JSQMessages.h"; sourceTree = "<group>"; };
		3D14EEA81B893C1A00EC1137 /* UIColor+JSQMessages.h */ = {isa = PBXFileReference; fileEncoding = 4; lastKnownFileType = sourcecode.c.h; path = "UIColor+JSQMessages.h"; sourceTree = "<group>"; };
		3D14EEA91B893C1A00EC1137 /* UIDevice+JSQMessages.h */ = {isa = PBXFileReference; fileEncoding = 4; lastKnownFileType = sourcecode.c.h; path = "UIDevice+JSQMessages.h"; sourceTree = "<group>"; };
		3D14EEAA1B893C1A00EC1137 /* UIImage+JSQMessages.h */ = {isa = PBXFileReference; fileEncoding = 4; lastKnownFileType = sourcecode.c.h; path = "UIImage+JSQMessages.h"; sourceTree = "<group>"; };
		3D14EEAB1B893C1A00EC1137 /* UIView+JSQMessages.h */ = {isa = PBXFileReference; fileEncoding = 4; lastKnownFileType = sourcecode.c.h; path = "UIView+JSQMessages.h"; sourceTree = "<group>"; };
		3D14EEAC1B893CA300EC1137 /* HachathonFiesp-Bridging-Header.h */ = {isa = PBXFileReference; lastKnownFileType = sourcecode.c.h; path = "HachathonFiesp-Bridging-Header.h"; sourceTree = "<group>"; };
		3D14EEB21B893E2C00EC1137 /* activityIndicator.swift */ = {isa = PBXFileReference; fileEncoding = 4; lastKnownFileType = sourcecode.swift; path = activityIndicator.swift; sourceTree = "<group>"; };
		3D3BC1EB1B88D99D0010D23C /* RegisterViewController.swift */ = {isa = PBXFileReference; fileEncoding = 4; lastKnownFileType = sourcecode.swift; path = RegisterViewController.swift; sourceTree = "<group>"; };
		3DEBB1851B88A7D3003BB09F /* HachathonFiesp.app */ = {isa = PBXFileReference; explicitFileType = wrapper.application; includeInIndex = 0; path = HachathonFiesp.app; sourceTree = BUILT_PRODUCTS_DIR; };
		3DEBB1891B88A7D3003BB09F /* Info.plist */ = {isa = PBXFileReference; lastKnownFileType = text.plist.xml; path = Info.plist; sourceTree = "<group>"; };
		3DEBB18A1B88A7D3003BB09F /* AppDelegate.swift */ = {isa = PBXFileReference; lastKnownFileType = sourcecode.swift; path = AppDelegate.swift; sourceTree = "<group>"; };
		3DEBB18C1B88A7D3003BB09F /* LoginViewController.swift */ = {isa = PBXFileReference; lastKnownFileType = sourcecode.swift; path = LoginViewController.swift; sourceTree = "<group>"; };
		3DEBB18F1B88A7D3003BB09F /* Base */ = {isa = PBXFileReference; lastKnownFileType = file.storyboard; name = Base; path = Base.lproj/Main.storyboard; sourceTree = "<group>"; };
		3DEBB1911B88A7D3003BB09F /* Images.xcassets */ = {isa = PBXFileReference; lastKnownFileType = folder.assetcatalog; path = Images.xcassets; sourceTree = "<group>"; };
		3DEBB1941B88A7D3003BB09F /* Base */ = {isa = PBXFileReference; lastKnownFileType = file.xib; name = Base; path = Base.lproj/LaunchScreen.xib; sourceTree = "<group>"; };
		3DEBB19A1B88A7D3003BB09F /* HachathonFiespTests.xctest */ = {isa = PBXFileReference; explicitFileType = wrapper.cfbundle; includeInIndex = 0; path = HachathonFiespTests.xctest; sourceTree = BUILT_PRODUCTS_DIR; };
		3DEBB19F1B88A7D3003BB09F /* Info.plist */ = {isa = PBXFileReference; lastKnownFileType = text.plist.xml; path = Info.plist; sourceTree = "<group>"; };
		3DEBB1A01B88A7D3003BB09F /* HachathonFiespTests.swift */ = {isa = PBXFileReference; lastKnownFileType = sourcecode.swift; path = HachathonFiespTests.swift; sourceTree = "<group>"; };
		3DEBB1AB1B88C0D5003BB09F /* Fabric.framework */ = {isa = PBXFileReference; lastKnownFileType = wrapper.framework; path = Fabric.framework; sourceTree = "<group>"; };
		3DEBB1AC1B88C0D5003BB09F /* TwitterKit.framework */ = {isa = PBXFileReference; lastKnownFileType = wrapper.framework; path = TwitterKit.framework; sourceTree = "<group>"; };
		3DEBB1AD1B88C0D5003BB09F /* TwitterKitResources.bundle */ = {isa = PBXFileReference; lastKnownFileType = "wrapper.plug-in"; name = TwitterKitResources.bundle; path = TwitterKit.framework/Versions/A/Resources/TwitterKitResources.bundle; sourceTree = "<group>"; };
		3DEBB1AE1B88C0D5003BB09F /* TwitterCore.framework */ = {isa = PBXFileReference; lastKnownFileType = wrapper.framework; path = TwitterCore.framework; sourceTree = "<group>"; };
		3DEBB1B31B88C1AA003BB09F /* DigitsKit.framework */ = {isa = PBXFileReference; lastKnownFileType = wrapper.framework; path = DigitsKit.framework; sourceTree = "<group>"; };
		3DEBB1B41B88C1AA003BB09F /* DigitsKitResources.bundle */ = {isa = PBXFileReference; lastKnownFileType = "wrapper.plug-in"; name = DigitsKitResources.bundle; path = DigitsKit.framework/Versions/A/Resources/DigitsKitResources.bundle; sourceTree = "<group>"; };
		3DEBB1B71B88C28A003BB09F /* User.swift */ = {isa = PBXFileReference; fileEncoding = 4; lastKnownFileType = sourcecode.swift; path = User.swift; sourceTree = "<group>"; };
		3DEBB1BD1B88C463003BB09F /* TransitionManager.swift */ = {isa = PBXFileReference; fileEncoding = 4; lastKnownFileType = sourcecode.swift; path = TransitionManager.swift; sourceTree = "<group>"; };
		3DEBB1BF1B88C51C003BB09F /* HomeViewController.swift */ = {isa = PBXFileReference; fileEncoding = 4; lastKnownFileType = sourcecode.swift; path = HomeViewController.swift; sourceTree = "<group>"; };
		3DEBB1C11B88C7BC003BB09F /* AlertJss.swift */ = {isa = PBXFileReference; fileEncoding = 4; lastKnownFileType = sourcecode.swift; name = AlertJss.swift; path = ../AlertJss.swift; sourceTree = "<group>"; };
		86713DEE8428728D5BB3C5B5 /* Pods.release.xcconfig */ = {isa = PBXFileReference; includeInIndex = 1; lastKnownFileType = text.xcconfig; name = Pods.release.xcconfig; path = "Pods/Target Support Files/Pods/Pods.release.xcconfig"; sourceTree = "<group>"; };
		A6C4A7EE6F2F4169EA68C8F7 /* libPods.a */ = {isa = PBXFileReference; explicitFileType = archive.ar; includeInIndex = 0; path = libPods.a; sourceTree = BUILT_PRODUCTS_DIR; };
/* End PBXFileReference section */

/* Begin PBXFrameworksBuildPhase section */
		3DEBB1821B88A7D3003BB09F /* Frameworks */ = {
			isa = PBXFrameworksBuildPhase;
			buildActionMask = 2147483647;
			files = (
				3D14EE541B88DB0300EC1137 /* FBSDKCoreKit.framework in Frameworks */,
				3D14EE551B88DB0300EC1137 /* FBSDKLoginKit.framework in Frameworks */,
				3D14EE5B1B88DB6500EC1137 /* FBSDKLoginKit.framework in Frameworks */,
				3D14EE561B88DB0300EC1137 /* FBSDKShareKit.framework in Frameworks */,
				3DEBB1AF1B88C0D5003BB09F /* Fabric.framework in Frameworks */,
				3DEBB1B21B88C0D5003BB09F /* TwitterCore.framework in Frameworks */,
				3D14EE5C1B88DB6500EC1137 /* FBSDKShareKit.framework in Frameworks */,
				3DEBB1B01B88C0D5003BB09F /* TwitterKit.framework in Frameworks */,
				3DEBB1B51B88C1AA003BB09F /* DigitsKit.framework in Frameworks */,
				3D14EE5A1B88DB6500EC1137 /* FBSDKCoreKit.framework in Frameworks */,
				CD7923010E42A2E38560A0C4 /* libPods.a in Frameworks */,
			);
			runOnlyForDeploymentPostprocessing = 0;
		};
		3DEBB1971B88A7D3003BB09F /* Frameworks */ = {
			isa = PBXFrameworksBuildPhase;
			buildActionMask = 2147483647;
			files = (
			);
			runOnlyForDeploymentPostprocessing = 0;
		};
/* End PBXFrameworksBuildPhase section */

/* Begin PBXGroup section */
		3D14EE6C1B8906B600EC1137 /* Objects */ = {
			isa = PBXGroup;
			children = (
				3DEBB1B71B88C28A003BB09F /* User.swift */,
				3D14EE6A1B8906B000EC1137 /* Trabalhador.swift */,
			);
			name = Objects;
			sourceTree = "<group>";
		};
		3D14EE801B893C1A00EC1137 /* JSQMessagesViewController */ = {
			isa = PBXGroup;
			children = (
				3D14EE811B893C1A00EC1137 /* JSQLocationMediaItem.h */,
				3D14EE821B893C1A00EC1137 /* JSQMediaItem.h */,
				3D14EE831B893C1A00EC1137 /* JSQMessage.h */,
				3D14EE841B893C1A00EC1137 /* JSQMessageAvatarImageDataSource.h */,
				3D14EE851B893C1A00EC1137 /* JSQMessageBubbleImageDataSource.h */,
				3D14EE861B893C1A00EC1137 /* JSQMessageData.h */,
				3D14EE871B893C1A00EC1137 /* JSQMessageMediaData.h */,
				3D14EE881B893C1A00EC1137 /* JSQMessages.h */,
				3D14EE891B893C1A00EC1137 /* JSQMessagesAvatarImage.h */,
				3D14EE8A1B893C1A00EC1137 /* JSQMessagesAvatarImageFactory.h */,
				3D14EE8B1B893C1A00EC1137 /* JSQMessagesBubbleImage.h */,
				3D14EE8C1B893C1A00EC1137 /* JSQMessagesBubbleImageFactory.h */,
				3D14EE8D1B893C1A00EC1137 /* JSQMessagesCellTextView.h */,
				3D14EE8E1B893C1A00EC1137 /* JSQMessagesCollectionView.h */,
				3D14EE8F1B893C1A00EC1137 /* JSQMessagesCollectionViewCell.h */,
				3D14EE901B893C1A00EC1137 /* JSQMessagesCollectionViewCellIncoming.h */,
				3D14EE911B893C1A00EC1137 /* JSQMessagesCollectionViewCellOutgoing.h */,
				3D14EE921B893C1A00EC1137 /* JSQMessagesCollectionViewDataSource.h */,
				3D14EE931B893C1A00EC1137 /* JSQMessagesCollectionViewDelegateFlowLayout.h */,
				3D14EE941B893C1A00EC1137 /* JSQMessagesCollectionViewFlowLayout.h */,
				3D14EE951B893C1A00EC1137 /* JSQMessagesCollectionViewFlowLayoutInvalidationContext.h */,
				3D14EE961B893C1A00EC1137 /* JSQMessagesCollectionViewLayoutAttributes.h */,
				3D14EE971B893C1A00EC1137 /* JSQMessagesComposerTextView.h */,
				3D14EE981B893C1A00EC1137 /* JSQMessagesInputToolbar.h */,
				3D14EE991B893C1A00EC1137 /* JSQMessagesKeyboardController.h */,
				3D14EE9A1B893C1A00EC1137 /* JSQMessagesLabel.h */,
				3D14EE9B1B893C1A00EC1137 /* JSQMessagesLoadEarlierHeaderView.h */,
				3D14EE9C1B893C1A00EC1137 /* JSQMessagesMediaPlaceholderView.h */,
				3D14EE9D1B893C1A00EC1137 /* JSQMessagesMediaViewBubbleImageMasker.h */,
				3D14EE9E1B893C1A00EC1137 /* JSQMessagesTimestampFormatter.h */,
				3D14EE9F1B893C1A00EC1137 /* JSQMessagesToolbarButtonFactory.h */,
				3D14EEA01B893C1A00EC1137 /* JSQMessagesToolbarContentView.h */,
				3D14EEA11B893C1A00EC1137 /* JSQMessagesTypingIndicatorFooterView.h */,
				3D14EEA21B893C1A00EC1137 /* JSQMessagesViewController.h */,
				3D14EEA31B893C1A00EC1137 /* JSQPhotoMediaItem.h */,
				3D14EEA41B893C1A00EC1137 /* JSQSystemSoundPlayer+JSQMessages.h */,
				3D14EEA51B893C1A00EC1137 /* JSQVideoMediaItem.h */,
				3D14EEA61B893C1A00EC1137 /* NSBundle+JSQMessages.h */,
				3D14EEA71B893C1A00EC1137 /* NSString+JSQMessages.h */,
				3D14EEA81B893C1A00EC1137 /* UIColor+JSQMessages.h */,
				3D14EEA91B893C1A00EC1137 /* UIDevice+JSQMessages.h */,
				3D14EEAA1B893C1A00EC1137 /* UIImage+JSQMessages.h */,
				3D14EEAB1B893C1A00EC1137 /* UIView+JSQMessages.h */,
			);
			path = JSQMessagesViewController;
			sourceTree = "<group>";
		};
		3DEBB17C1B88A7D3003BB09F = {
			isa = PBXGroup;
			children = (
				3D14EE571B88DB6500EC1137 /* FBSDKCoreKit.framework */,
				3D14EE581B88DB6500EC1137 /* FBSDKLoginKit.framework */,
				3D14EE591B88DB6500EC1137 /* FBSDKShareKit.framework */,
				3DEBB1B31B88C1AA003BB09F /* DigitsKit.framework */,
				3DEBB1B41B88C1AA003BB09F /* DigitsKitResources.bundle */,
				3DEBB1AB1B88C0D5003BB09F /* Fabric.framework */,
				3DEBB1AC1B88C0D5003BB09F /* TwitterKit.framework */,
				3DEBB1AD1B88C0D5003BB09F /* TwitterKitResources.bundle */,
				3DEBB1AE1B88C0D5003BB09F /* TwitterCore.framework */,
				3DEBB1871B88A7D3003BB09F /* HachathonFiesp */,
				3DEBB19D1B88A7D3003BB09F /* HachathonFiespTests */,
				3DEBB1861B88A7D3003BB09F /* Products */,
				6B6366F38CFFEDCB8B792557 /* Pods */,
				C0C44FD18985030964A03DA5 /* Frameworks */,
			);
			sourceTree = "<group>";
		};
		3DEBB1861B88A7D3003BB09F /* Products */ = {
			isa = PBXGroup;
			children = (
				3DEBB1851B88A7D3003BB09F /* HachathonFiesp.app */,
				3DEBB19A1B88A7D3003BB09F /* HachathonFiespTests.xctest */,
			);
			name = Products;
			sourceTree = "<group>";
		};
		3DEBB1871B88A7D3003BB09F /* HachathonFiesp */ = {
			isa = PBXGroup;
			children = (
				3DEBB18A1B88A7D3003BB09F /* AppDelegate.swift */,
				3DEBB1B91B88C292003BB09F /* Class */,
				3DEBB1BC1B88C3CC003BB09F /* ViewControllers */,
				3DEBB18E1B88A7D3003BB09F /* Main.storyboard */,
				3D14EE801B893C1A00EC1137 /* JSQMessagesViewController */,
				3DEBB1911B88A7D3003BB09F /* Images.xcassets */,
				3DEBB1931B88A7D3003BB09F /* LaunchScreen.xib */,
				3DEBB1881B88A7D3003BB09F /* Supporting Files */,
			);
			path = HachathonFiesp;
			sourceTree = "<group>";
		};
		3DEBB1881B88A7D3003BB09F /* Supporting Files */ = {
			isa = PBXGroup;
			children = (
				3DEBB1891B88A7D3003BB09F /* Info.plist */,
			);
			name = "Supporting Files";
			sourceTree = "<group>";
		};
		3DEBB19D1B88A7D3003BB09F /* HachathonFiespTests */ = {
			isa = PBXGroup;
			children = (
				3DEBB1A01B88A7D3003BB09F /* HachathonFiespTests.swift */,
				3DEBB19E1B88A7D3003BB09F /* Supporting Files */,
			);
			path = HachathonFiespTests;
			sourceTree = "<group>";
		};
		3DEBB19E1B88A7D3003BB09F /* Supporting Files */ = {
			isa = PBXGroup;
			children = (
				3DEBB19F1B88A7D3003BB09F /* Info.plist */,
			);
			name = "Supporting Files";
			sourceTree = "<group>";
		};
		3DEBB1B91B88C292003BB09F /* Class */ = {
			isa = PBXGroup;
			children = (
				3D14EE661B8902BA00EC1137 /* UserDAODefault.swift */,
				3DEBB1C11B88C7BC003BB09F /* AlertJss.swift */,
				3DEBB1BD1B88C463003BB09F /* TransitionManager.swift */,
				3D14EE631B88EA7A00EC1137 /* GlobalContants.swift */,
				3D14EE5D1B88DF0300EC1137 /* PermissionsResponse.swift */,
				3D14EEB21B893E2C00EC1137 /* activityIndicator.swift */,
				3D14EE6C1B8906B600EC1137 /* Objects */,
				3D14EEAC1B893CA300EC1137 /* HachathonFiesp-Bridging-Header.h */,
			);
			name = Class;
			sourceTree = "<group>";
		};
		3DEBB1BC1B88C3CC003BB09F /* ViewControllers */ = {
			isa = PBXGroup;
			children = (
				3DEBB18C1B88A7D3003BB09F /* LoginViewController.swift */,
				3D14EE681B89065400EC1137 /* ProfileViewController.swift */,
				3D14EE7B1B89313700EC1137 /* ChatViewController.swift */,
				3D14EE6D1B89138500EC1137 /* MapViewController.swift */,
				3D3BC1EB1B88D99D0010D23C /* RegisterViewController.swift */,
				3DEBB1BF1B88C51C003BB09F /* HomeViewController.swift */,
				3D14EE791B89301F00EC1137 /* Registro2ViewController.swift */,
			);
			name = ViewControllers;
			sourceTree = "<group>";
		};
		6B6366F38CFFEDCB8B792557 /* Pods */ = {
			isa = PBXGroup;
			children = (
				1064EE9298B138CE238D7110 /* Pods.debug.xcconfig */,
				86713DEE8428728D5BB3C5B5 /* Pods.release.xcconfig */,
				3D14EE7F1B893A8C00EC1137 /* Pods-Bridging-Header.h */,
			);
			name = Pods;
			sourceTree = "<group>";
		};
		C0C44FD18985030964A03DA5 /* Frameworks */ = {
			isa = PBXGroup;
			children = (
				3D14EE511B88DB0300EC1137 /* FBSDKCoreKit.framework */,
				3D14EE521B88DB0300EC1137 /* FBSDKLoginKit.framework */,
				3D14EE531B88DB0300EC1137 /* FBSDKShareKit.framework */,
				A6C4A7EE6F2F4169EA68C8F7 /* libPods.a */,
			);
			name = Frameworks;
			sourceTree = "<group>";
		};
/* End PBXGroup section */

/* Begin PBXNativeTarget section */
		3DEBB1841B88A7D3003BB09F /* HachathonFiesp */ = {
			isa = PBXNativeTarget;
			buildConfigurationList = 3DEBB1A41B88A7D3003BB09F /* Build configuration list for PBXNativeTarget "HachathonFiesp" */;
			buildPhases = (
				3695394F5CBBFCDBC5F364E6 /* Check Pods Manifest.lock */,
				3DEBB1811B88A7D3003BB09F /* Sources */,
				3DEBB1821B88A7D3003BB09F /* Frameworks */,
				3DEBB1831B88A7D3003BB09F /* Resources */,
				3DEBB1AA1B88BF8D003BB09F /* ShellScript */,
				0E80F8028E7B2FED886C9C0C /* Copy Pods Resources */,
			);
			buildRules = (
			);
			dependencies = (
			);
			name = HachathonFiesp;
			productName = HachathonFiesp;
			productReference = 3DEBB1851B88A7D3003BB09F /* HachathonFiesp.app */;
			productType = "com.apple.product-type.application";
		};
		3DEBB1991B88A7D3003BB09F /* HachathonFiespTests */ = {
			isa = PBXNativeTarget;
			buildConfigurationList = 3DEBB1A71B88A7D3003BB09F /* Build configuration list for PBXNativeTarget "HachathonFiespTests" */;
			buildPhases = (
				3DEBB1961B88A7D3003BB09F /* Sources */,
				3DEBB1971B88A7D3003BB09F /* Frameworks */,
				3DEBB1981B88A7D3003BB09F /* Resources */,
			);
			buildRules = (
			);
			dependencies = (
				3DEBB19C1B88A7D3003BB09F /* PBXTargetDependency */,
			);
			name = HachathonFiespTests;
			productName = HachathonFiespTests;
			productReference = 3DEBB19A1B88A7D3003BB09F /* HachathonFiespTests.xctest */;
			productType = "com.apple.product-type.bundle.unit-test";
		};
/* End PBXNativeTarget section */

/* Begin PBXProject section */
		3DEBB17D1B88A7D3003BB09F /* Project object */ = {
			isa = PBXProject;
			attributes = {
				LastUpgradeCheck = 0640;
				ORGANIZATIONNAME = "William Alvelos";
				TargetAttributes = {
					3DEBB1841B88A7D3003BB09F = {
						CreatedOnToolsVersion = 6.4;
					};
					3DEBB1991B88A7D3003BB09F = {
						CreatedOnToolsVersion = 6.4;
						TestTargetID = 3DEBB1841B88A7D3003BB09F;
					};
				};
			};
			buildConfigurationList = 3DEBB1801B88A7D3003BB09F /* Build configuration list for PBXProject "HachathonFiesp" */;
			compatibilityVersion = "Xcode 3.2";
			developmentRegion = English;
			hasScannedForEncodings = 0;
			knownRegions = (
				en,
				Base,
			);
			mainGroup = 3DEBB17C1B88A7D3003BB09F;
			productRefGroup = 3DEBB1861B88A7D3003BB09F /* Products */;
			projectDirPath = "";
			projectRoot = "";
			targets = (
				3DEBB1841B88A7D3003BB09F /* HachathonFiesp */,
				3DEBB1991B88A7D3003BB09F /* HachathonFiespTests */,
			);
		};
/* End PBXProject section */

/* Begin PBXResourcesBuildPhase section */
		3DEBB1831B88A7D3003BB09F /* Resources */ = {
			isa = PBXResourcesBuildPhase;
			buildActionMask = 2147483647;
			files = (
				3DEBB1B61B88C1AA003BB09F /* DigitsKitResources.bundle in Resources */,
				3DEBB1B11B88C0D5003BB09F /* TwitterKitResources.bundle in Resources */,
				3DEBB1901B88A7D3003BB09F /* Main.storyboard in Resources */,
				3DEBB1951B88A7D3003BB09F /* LaunchScreen.xib in Resources */,
				3DEBB1921B88A7D3003BB09F /* Images.xcassets in Resources */,
			);
			runOnlyForDeploymentPostprocessing = 0;
		};
		3DEBB1981B88A7D3003BB09F /* Resources */ = {
			isa = PBXResourcesBuildPhase;
			buildActionMask = 2147483647;
			files = (
			);
			runOnlyForDeploymentPostprocessing = 0;
		};
/* End PBXResourcesBuildPhase section */

/* Begin PBXShellScriptBuildPhase section */
		0E80F8028E7B2FED886C9C0C /* Copy Pods Resources */ = {
			isa = PBXShellScriptBuildPhase;
			buildActionMask = 2147483647;
			files = (
			);
			inputPaths = (
			);
			name = "Copy Pods Resources";
			outputPaths = (
			);
			runOnlyForDeploymentPostprocessing = 0;
			shellPath = /bin/sh;
			shellScript = "\"${SRCROOT}/Pods/Target Support Files/Pods/Pods-resources.sh\"\n";
			showEnvVarsInLog = 0;
		};
		3695394F5CBBFCDBC5F364E6 /* Check Pods Manifest.lock */ = {
			isa = PBXShellScriptBuildPhase;
			buildActionMask = 2147483647;
			files = (
			);
			inputPaths = (
			);
			name = "Check Pods Manifest.lock";
			outputPaths = (
			);
			runOnlyForDeploymentPostprocessing = 0;
			shellPath = /bin/sh;
			shellScript = "diff \"${PODS_ROOT}/../Podfile.lock\" \"${PODS_ROOT}/Manifest.lock\" > /dev/null\nif [[ $? != 0 ]] ; then\n    cat << EOM\nerror: The sandbox is not in sync with the Podfile.lock. Run 'pod install' or update your CocoaPods installation.\nEOM\n    exit 1\nfi\n";
			showEnvVarsInLog = 0;
		};
		3DEBB1AA1B88BF8D003BB09F /* ShellScript */ = {
			isa = PBXShellScriptBuildPhase;
			buildActionMask = 2147483647;
			files = (
			);
			inputPaths = (
			);
			outputPaths = (
			);
			runOnlyForDeploymentPostprocessing = 0;
			shellPath = /bin/sh;
			shellScript = "./Fabric.framework/run 813ff53536bc81411bc1c3cb59f8e1a0da6f7a3d eafcd316f8a63984bc9539c82b26f429a35218fd94797109a96eddc7b5a5d346\n";
		};
/* End PBXShellScriptBuildPhase section */

/* Begin PBXSourcesBuildPhase section */
		3DEBB1811B88A7D3003BB09F /* Sources */ = {
			isa = PBXSourcesBuildPhase;
			buildActionMask = 2147483647;
			files = (
				3D14EE641B88EA7A00EC1137 /* GlobalContants.swift in Sources */,
				3D14EE671B8902BA00EC1137 /* UserDAODefault.swift in Sources */,
				3DEBB1C01B88C51C003BB09F /* HomeViewController.swift in Sources */,
				3DEBB18D1B88A7D3003BB09F /* LoginViewController.swift in Sources */,
				3D14EE6B1B8906B000EC1137 /* Trabalhador.swift in Sources */,
				3D3BC1EC1B88D99D0010D23C /* RegisterViewController.swift in Sources */,
				3D14EE7A1B89301F00EC1137 /* Registro2ViewController.swift in Sources */,
				3D14EE691B89065400EC1137 /* ProfileViewController.swift in Sources */,
				3DEBB1BE1B88C463003BB09F /* TransitionManager.swift in Sources */,
				3DEBB1C21B88C7BC003BB09F /* AlertJss.swift in Sources */,
				3DEBB18B1B88A7D3003BB09F /* AppDelegate.swift in Sources */,
				3DEBB1B81B88C28A003BB09F /* User.swift in Sources */,
				3D14EEB31B893E2C00EC1137 /* activityIndicator.swift in Sources */,
				3D14EE5E1B88DF0300EC1137 /* PermissionsResponse.swift in Sources */,
				3D14EE7C1B89313700EC1137 /* ChatViewController.swift in Sources */,
				3D14EE6E1B89138500EC1137 /* MapViewController.swift in Sources */,
			);
			runOnlyForDeploymentPostprocessing = 0;
		};
		3DEBB1961B88A7D3003BB09F /* Sources */ = {
			isa = PBXSourcesBuildPhase;
			buildActionMask = 2147483647;
			files = (
				3DEBB1A11B88A7D3003BB09F /* HachathonFiespTests.swift in Sources */,
			);
			runOnlyForDeploymentPostprocessing = 0;
		};
/* End PBXSourcesBuildPhase section */

/* Begin PBXTargetDependency section */
		3DEBB19C1B88A7D3003BB09F /* PBXTargetDependency */ = {
			isa = PBXTargetDependency;
			target = 3DEBB1841B88A7D3003BB09F /* HachathonFiesp */;
			targetProxy = 3DEBB19B1B88A7D3003BB09F /* PBXContainerItemProxy */;
		};
/* End PBXTargetDependency section */

/* Begin PBXVariantGroup section */
		3DEBB18E1B88A7D3003BB09F /* Main.storyboard */ = {
			isa = PBXVariantGroup;
			children = (
				3DEBB18F1B88A7D3003BB09F /* Base */,
			);
			name = Main.storyboard;
			sourceTree = "<group>";
		};
		3DEBB1931B88A7D3003BB09F /* LaunchScreen.xib */ = {
			isa = PBXVariantGroup;
			children = (
				3DEBB1941B88A7D3003BB09F /* Base */,
			);
			name = LaunchScreen.xib;
			sourceTree = "<group>";
		};
/* End PBXVariantGroup section */

/* Begin XCBuildConfiguration section */
		3DEBB1A21B88A7D3003BB09F /* Debug */ = {
			isa = XCBuildConfiguration;
			buildSettings = {
				ALWAYS_SEARCH_USER_PATHS = NO;
				CLANG_CXX_LANGUAGE_STANDARD = "gnu++0x";
				CLANG_CXX_LIBRARY = "libc++";
				CLANG_ENABLE_MODULES = YES;
				CLANG_ENABLE_OBJC_ARC = YES;
				CLANG_WARN_BOOL_CONVERSION = YES;
				CLANG_WARN_CONSTANT_CONVERSION = YES;
				CLANG_WARN_DIRECT_OBJC_ISA_USAGE = YES_ERROR;
				CLANG_WARN_EMPTY_BODY = YES;
				CLANG_WARN_ENUM_CONVERSION = YES;
				CLANG_WARN_INT_CONVERSION = YES;
				CLANG_WARN_OBJC_ROOT_CLASS = YES_ERROR;
				CLANG_WARN_UNREACHABLE_CODE = YES;
				CLANG_WARN__DUPLICATE_METHOD_MATCH = YES;
				"CODE_SIGN_IDENTITY[sdk=iphoneos*]" = "iPhone Developer";
				COPY_PHASE_STRIP = NO;
				DEBUG_INFORMATION_FORMAT = "dwarf-with-dsym";
				ENABLE_STRICT_OBJC_MSGSEND = YES;
				GCC_C_LANGUAGE_STANDARD = gnu99;
				GCC_DYNAMIC_NO_PIC = NO;
				GCC_NO_COMMON_BLOCKS = YES;
				GCC_OPTIMIZATION_LEVEL = 0;
				GCC_PREPROCESSOR_DEFINITIONS = (
					"DEBUG=1",
					"$(inherited)",
				);
				GCC_SYMBOLS_PRIVATE_EXTERN = NO;
				GCC_WARN_64_TO_32_BIT_CONVERSION = YES;
				GCC_WARN_ABOUT_RETURN_TYPE = YES_ERROR;
				GCC_WARN_UNDECLARED_SELECTOR = YES;
				GCC_WARN_UNINITIALIZED_AUTOS = YES_AGGRESSIVE;
				GCC_WARN_UNUSED_FUNCTION = YES;
				GCC_WARN_UNUSED_VARIABLE = YES;
				IPHONEOS_DEPLOYMENT_TARGET = 8.4;
				MTL_ENABLE_DEBUG_INFO = YES;
				ONLY_ACTIVE_ARCH = YES;
				SDKROOT = iphoneos;
				SWIFT_OPTIMIZATION_LEVEL = "-Onone";
				TARGETED_DEVICE_FAMILY = "1,2";
			};
			name = Debug;
		};
		3DEBB1A31B88A7D3003BB09F /* Release */ = {
			isa = XCBuildConfiguration;
			buildSettings = {
				ALWAYS_SEARCH_USER_PATHS = NO;
				CLANG_CXX_LANGUAGE_STANDARD = "gnu++0x";
				CLANG_CXX_LIBRARY = "libc++";
				CLANG_ENABLE_MODULES = YES;
				CLANG_ENABLE_OBJC_ARC = YES;
				CLANG_WARN_BOOL_CONVERSION = YES;
				CLANG_WARN_CONSTANT_CONVERSION = YES;
				CLANG_WARN_DIRECT_OBJC_ISA_USAGE = YES_ERROR;
				CLANG_WARN_EMPTY_BODY = YES;
				CLANG_WARN_ENUM_CONVERSION = YES;
				CLANG_WARN_INT_CONVERSION = YES;
				CLANG_WARN_OBJC_ROOT_CLASS = YES_ERROR;
				CLANG_WARN_UNREACHABLE_CODE = YES;
				CLANG_WARN__DUPLICATE_METHOD_MATCH = YES;
				"CODE_SIGN_IDENTITY[sdk=iphoneos*]" = "iPhone Developer";
				COPY_PHASE_STRIP = NO;
				DEBUG_INFORMATION_FORMAT = "dwarf-with-dsym";
				ENABLE_NS_ASSERTIONS = NO;
				ENABLE_STRICT_OBJC_MSGSEND = YES;
				GCC_C_LANGUAGE_STANDARD = gnu99;
				GCC_NO_COMMON_BLOCKS = YES;
				GCC_WARN_64_TO_32_BIT_CONVERSION = YES;
				GCC_WARN_ABOUT_RETURN_TYPE = YES_ERROR;
				GCC_WARN_UNDECLARED_SELECTOR = YES;
				GCC_WARN_UNINITIALIZED_AUTOS = YES_AGGRESSIVE;
				GCC_WARN_UNUSED_FUNCTION = YES;
				GCC_WARN_UNUSED_VARIABLE = YES;
				IPHONEOS_DEPLOYMENT_TARGET = 8.4;
				MTL_ENABLE_DEBUG_INFO = NO;
				SDKROOT = iphoneos;
				TARGETED_DEVICE_FAMILY = "1,2";
				VALIDATE_PRODUCT = YES;
			};
			name = Release;
		};
		3DEBB1A51B88A7D3003BB09F /* Debug */ = {
			isa = XCBuildConfiguration;
			baseConfigurationReference = 1064EE9298B138CE238D7110 /* Pods.debug.xcconfig */;
			buildSettings = {
				ASSETCATALOG_COMPILER_APPICON_NAME = AppIcon;
				CLANG_ENABLE_MODULES = YES;
				FRAMEWORK_SEARCH_PATHS = (
					"$(inherited)",
					"$(PROJECT_DIR)",
				);
				INFOPLIST_FILE = HachathonFiesp/Info.plist;
				LD_RUNPATH_SEARCH_PATHS = "$(inherited) @executable_path/Frameworks";
				PRODUCT_NAME = "$(TARGET_NAME)";
				SWIFT_OBJC_BRIDGING_HEADER = "HachathonFiesp/HachathonFiesp-Bridging-Header.h";
				SWIFT_OPTIMIZATION_LEVEL = "-Onone";
			};
			name = Debug;
		};
		3DEBB1A61B88A7D3003BB09F /* Release */ = {
			isa = XCBuildConfiguration;
			baseConfigurationReference = 86713DEE8428728D5BB3C5B5 /* Pods.release.xcconfig */;
			buildSettings = {
				ASSETCATALOG_COMPILER_APPICON_NAME = AppIcon;
				CLANG_ENABLE_MODULES = YES;
				FRAMEWORK_SEARCH_PATHS = (
					"$(inherited)",
					"$(PROJECT_DIR)",
				);
				INFOPLIST_FILE = HachathonFiesp/Info.plist;
				LD_RUNPATH_SEARCH_PATHS = "$(inherited) @executable_path/Frameworks";
				PRODUCT_NAME = "$(TARGET_NAME)";
				SWIFT_OBJC_BRIDGING_HEADER = "HachathonFiesp/HachathonFiesp-Bridging-Header.h";
			};
			name = Release;
		};
		3DEBB1A81B88A7D3003BB09F /* Debug */ = {
			isa = XCBuildConfiguration;
			buildSettings = {
				BUNDLE_LOADER = "$(TEST_HOST)";
				FRAMEWORK_SEARCH_PATHS = (
					"$(SDKROOT)/Developer/Library/Frameworks",
					"$(inherited)",
				);
				GCC_PREPROCESSOR_DEFINITIONS = (
					"DEBUG=1",
					"$(inherited)",
				);
				INFOPLIST_FILE = HachathonFiespTests/Info.plist;
				LD_RUNPATH_SEARCH_PATHS = "$(inherited) @executable_path/Frameworks @loader_path/Frameworks";
				PRODUCT_NAME = "$(TARGET_NAME)";
				TEST_HOST = "$(BUILT_PRODUCTS_DIR)/HachathonFiesp.app/HachathonFiesp";
			};
			name = Debug;
		};
		3DEBB1A91B88A7D3003BB09F /* Release */ = {
			isa = XCBuildConfiguration;
			buildSettings = {
				BUNDLE_LOADER = "$(TEST_HOST)";
				FRAMEWORK_SEARCH_PATHS = (
					"$(SDKROOT)/Developer/Library/Frameworks",
					"$(inherited)",
				);
				INFOPLIST_FILE = HachathonFiespTests/Info.plist;
				LD_RUNPATH_SEARCH_PATHS = "$(inherited) @executable_path/Frameworks @loader_path/Frameworks";
				PRODUCT_NAME = "$(TARGET_NAME)";
				TEST_HOST = "$(BUILT_PRODUCTS_DIR)/HachathonFiesp.app/HachathonFiesp";
			};
			name = Release;
		};
/* End XCBuildConfiguration section */

/* Begin XCConfigurationList section */
		3DEBB1801B88A7D3003BB09F /* Build configuration list for PBXProject "HachathonFiesp" */ = {
			isa = XCConfigurationList;
			buildConfigurations = (
				3DEBB1A21B88A7D3003BB09F /* Debug */,
				3DEBB1A31B88A7D3003BB09F /* Release */,
			);
			defaultConfigurationIsVisible = 0;
			defaultConfigurationName = Release;
		};
		3DEBB1A41B88A7D3003BB09F /* Build configuration list for PBXNativeTarget "HachathonFiesp" */ = {
			isa = XCConfigurationList;
			buildConfigurations = (
				3DEBB1A51B88A7D3003BB09F /* Debug */,
				3DEBB1A61B88A7D3003BB09F /* Release */,
			);
			defaultConfigurationIsVisible = 0;
			defaultConfigurationName = Release;
		};
		3DEBB1A71B88A7D3003BB09F /* Build configuration list for PBXNativeTarget "HachathonFiespTests" */ = {
			isa = XCConfigurationList;
			buildConfigurations = (
				3DEBB1A81B88A7D3003BB09F /* Debug */,
				3DEBB1A91B88A7D3003BB09F /* Release */,
			);
			defaultConfigurationIsVisible = 0;
			defaultConfigurationName = Release;
		};
/* End XCConfigurationList section */
	};
	rootObject = 3DEBB17D1B88A7D3003BB09F /* Project object */;
}
